// !$*UTF8*$!
{
	archiveVersion = 1;
	classes = {
	};
	objectVersion = 77;
	objects = {

/* Begin PBXBuildFile section */
		43FFC07A5FBEFBEFD3B05B85 /* UpdaterModel.swift in Sources */ = {isa = PBXBuildFile; fileRef = 3FA409058B3891BDC32CC85B /* UpdaterModel.swift */; };
		AB067466CB473BA874815C0D /* OgygiaApp.swift in Sources */ = {isa = PBXBuildFile; fileRef = 653E548688CDC08A29F68437 /* OgygiaApp.swift */; };
		F032BF61B33E70DF2EA6E6D2 /* BuildInfo.swift in Sources */ = {isa = PBXBuildFile; fileRef = 992C159458F3D61149AFBE26 /* BuildInfo.swift */; };
		F4FD84E57A86B214E7EC930B /* Sparkle in Frameworks */ = {isa = PBXBuildFile; productRef = DA18833B9C28650C3C7917FB /* Sparkle */; };
/* End PBXBuildFile section */

/* Begin PBXFileReference section */
		3FA409058B3891BDC32CC85B /* UpdaterModel.swift */ = {isa = PBXFileReference; lastKnownFileType = sourcecode.swift; path = UpdaterModel.swift; sourceTree = "<group>"; };
		414372295F5BD72756A7616C /* Ogygia.entitlements */ = {isa = PBXFileReference; lastKnownFileType = text.plist.entitlements; path = Ogygia.entitlements; sourceTree = "<group>"; };
		653E548688CDC08A29F68437 /* OgygiaApp.swift */ = {isa = PBXFileReference; lastKnownFileType = sourcecode.swift; path = OgygiaApp.swift; sourceTree = "<group>"; };
		770B0B90849FD8EB2458677A /* Info.plist */ = {isa = PBXFileReference; lastKnownFileType = text.plist; path = Info.plist; sourceTree = "<group>"; };
		992C159458F3D61149AFBE26 /* BuildInfo.swift */ = {isa = PBXFileReference; lastKnownFileType = sourcecode.swift; path = BuildInfo.swift; sourceTree = "<group>"; };
		F79CE8FFACD9526203BE8578 /* Ogygia.app */ = {isa = PBXFileReference; explicitFileType = wrapper.application; includeInIndex = 0; path = Ogygia.app; sourceTree = BUILT_PRODUCTS_DIR; };
/* End PBXFileReference section */

/* Begin PBXFrameworksBuildPhase section */
		CC0A11B1979E58C576511FD9 /* Frameworks */ = {
			isa = PBXFrameworksBuildPhase;
			buildActionMask = 2147483647;
			files = (
				F4FD84E57A86B214E7EC930B /* Sparkle in Frameworks */,
			);
			runOnlyForDeploymentPostprocessing = 0;
		};
/* End PBXFrameworksBuildPhase section */

/* Begin PBXGroup section */
		380C0CFD4484B7C907EF3091 /* Ogygia */ = {
			isa = PBXGroup;
			children = (
				992C159458F3D61149AFBE26 /* BuildInfo.swift */,
				770B0B90849FD8EB2458677A /* Info.plist */,
				414372295F5BD72756A7616C /* Ogygia.entitlements */,
				653E548688CDC08A29F68437 /* OgygiaApp.swift */,
				3FA409058B3891BDC32CC85B /* UpdaterModel.swift */,
			);
			path = Ogygia;
			sourceTree = "<group>";
		};
		EFA86A92F47673A4A96792B6 /* Products */ = {
			isa = PBXGroup;
			children = (
				F79CE8FFACD9526203BE8578 /* Ogygia.app */,
			);
			name = Products;
			sourceTree = "<group>";
		};
		F4A8CBEE7F31A536406B9DAA = {
			isa = PBXGroup;
			children = (
				380C0CFD4484B7C907EF3091 /* Ogygia */,
				EFA86A92F47673A4A96792B6 /* Products */,
			);
			sourceTree = "<group>";
		};
/* End PBXGroup section */

/* Begin PBXNativeTarget section */
		B32E49E995BC65C15FD811A8 /* Ogygia */ = {
			isa = PBXNativeTarget;
			buildConfigurationList = A9981EBD6E4E426D3CBCE02D /* Build configuration list for PBXNativeTarget "Ogygia" */;
			buildPhases = (
				1E2953E4F9ECAC6E3707DD4C /* Sources */,
				CC0A11B1979E58C576511FD9 /* Frameworks */,
			);
			buildRules = (
			);
			dependencies = (
			);
			name = Ogygia;
			packageProductDependencies = (
				DA18833B9C28650C3C7917FB /* Sparkle */,
			);
			productName = Ogygia;
			productReference = F79CE8FFACD9526203BE8578 /* Ogygia.app */;
			productType = "com.apple.product-type.application";
		};
/* End PBXNativeTarget section */

/* Begin PBXProject section */
		3CDA18C394D081EEA6CF8BF6 /* Project object */ = {
			isa = PBXProject;
			attributes = {
				BuildIndependentTargetsInParallel = YES;
				LastUpgradeCheck = 2600;
				TargetAttributes = {
					B32E49E995BC65C15FD811A8 = {
						ProvisioningStyle = Manual;
					};
				};
			};
			buildConfigurationList = 0B231E4BC708651A9E2EF049 /* Build configuration list for PBXProject "Ogygia" */;
			compatibilityVersion = "Xcode 14.0";
			developmentRegion = en;
			hasScannedForEncodings = 0;
			knownRegions = (
				Base,
				en,
			);
			mainGroup = F4A8CBEE7F31A536406B9DAA;
			minimizedProjectReferenceProxies = 1;
			packageReferences = (
				5D0135828BA025059B8FE0C5 /* XCRemoteSwiftPackageReference "Sparkle" */,
			);
			preferredProjectObjectVersion = 77;
			projectDirPath = "";
			projectRoot = "";
			targets = (
				B32E49E995BC65C15FD811A8 /* Ogygia */,
			);
		};
/* End PBXProject section */

/* Begin PBXSourcesBuildPhase section */
		1E2953E4F9ECAC6E3707DD4C /* Sources */ = {
			isa = PBXSourcesBuildPhase;
			buildActionMask = 2147483647;
			files = (
				F032BF61B33E70DF2EA6E6D2 /* BuildInfo.swift in Sources */,
				AB067466CB473BA874815C0D /* OgygiaApp.swift in Sources */,
				43FFC07A5FBEFBEFD3B05B85 /* UpdaterModel.swift in Sources */,
			);
			runOnlyForDeploymentPostprocessing = 0;
		};
/* End PBXSourcesBuildPhase section */

/* Begin XCBuildConfiguration section */
		06D3144C7D8576C27CB71E35 /* Release */ = {
			isa = XCBuildConfiguration;
			buildSettings = {
				ALWAYS_SEARCH_USER_PATHS = NO;
				ARCHS = arm64;
				CLANG_ANALYZER_NONNULL = YES;
				CLANG_ANALYZER_NUMBER_OBJECT_CONVERSION = YES_AGGRESSIVE;
				CLANG_CXX_LANGUAGE_STANDARD = "gnu++14";
				CLANG_CXX_LIBRARY = "libc++";
				CLANG_ENABLE_MODULES = YES;
				CLANG_ENABLE_OBJC_ARC = YES;
				CLANG_ENABLE_OBJC_WEAK = YES;
				CLANG_WARN_BLOCK_CAPTURE_AUTORELEASING = YES;
				CLANG_WARN_BOOL_CONVERSION = YES;
				CLANG_WARN_COMMA = YES;
				CLANG_WARN_CONSTANT_CONVERSION = YES;
				CLANG_WARN_DEPRECATED_OBJC_IMPLEMENTATIONS = YES;
				CLANG_WARN_DIRECT_OBJC_ISA_USAGE = YES_ERROR;
				CLANG_WARN_DOCUMENTATION_COMMENTS = YES;
				CLANG_WARN_EMPTY_BODY = YES;
				CLANG_WARN_ENUM_CONVERSION = YES;
				CLANG_WARN_INFINITE_RECURSION = YES;
				CLANG_WARN_INT_CONVERSION = YES;
				CLANG_WARN_NON_LITERAL_NULL_CONVERSION = YES;
				CLANG_WARN_OBJC_IMPLICIT_RETAIN_SELF = YES;
				CLANG_WARN_OBJC_LITERAL_CONVERSION = YES;
				CLANG_WARN_OBJC_ROOT_CLASS = YES_ERROR;
				CLANG_WARN_QUOTED_INCLUDE_IN_FRAMEWORK_HEADER = YES;
				CLANG_WARN_RANGE_LOOP_ANALYSIS = YES;
				CLANG_WARN_STRICT_PROTOTYPES = YES;
				CLANG_WARN_SUSPICIOUS_MOVE = YES;
				CLANG_WARN_UNGUARDED_AVAILABILITY = YES_AGGRESSIVE;
				CLANG_WARN_UNREACHABLE_CODE = YES;
				CLANG_WARN__DUPLICATE_METHOD_MATCH = YES;
				COPY_PHASE_STRIP = NO;
				CURRENT_PROJECT_VERSION = 0;
				DEAD_CODE_STRIPPING = YES;
				DEBUG_INFORMATION_FORMAT = "dwarf-with-dsym";
				ENABLE_NS_ASSERTIONS = NO;
				ENABLE_STRICT_OBJC_MSGSEND = YES;
				ENABLE_USER_SCRIPT_SANDBOXING = YES;
				GCC_C_LANGUAGE_STANDARD = gnu11;
				GCC_NO_COMMON_BLOCKS = YES;
				GCC_WARN_64_TO_32_BIT_CONVERSION = YES;
				GCC_WARN_ABOUT_RETURN_TYPE = YES_ERROR;
				GCC_WARN_UNDECLARED_SELECTOR = YES;
				GCC_WARN_UNINITIALIZED_AUTOS = YES_AGGRESSIVE;
				GCC_WARN_UNUSED_FUNCTION = YES;
				GCC_WARN_UNUSED_VARIABLE = YES;
				MACOSX_DEPLOYMENT_TARGET = 27.0;
				MARKETING_VERSION = 0.0.0;
				MTL_ENABLE_DEBUG_INFO = NO;
				MTL_FAST_MATH = YES;
				OGYGIA_GIT_REVISION = dev;
				PRODUCT_NAME = "$(TARGET_NAME)";
				SDKROOT = macosx;
				SPARKLE_PUBLIC_ED_KEY = "";
				SWIFT_COMPILATION_MODE = wholemodule;
				SWIFT_OPTIMIZATION_LEVEL = "-O";
				SWIFT_VERSION = 6.0;
			};
			name = Release;
		};
		AB0EE4F2B967A27DE33028A1 /* Debug */ = {
			isa = XCBuildConfiguration;
			buildSettings = {
				ASSETCATALOG_COMPILER_APPICON_NAME = AppIcon;
				CODE_SIGN_ENTITLEMENTS = Ogygia/Ogygia.entitlements;
				CODE_SIGN_IDENTITY = "-";
				CODE_SIGN_STYLE = Manual;
				COMBINE_HIDPI_IMAGES = YES;
				ENABLE_HARDENED_RUNTIME = YES;
				GENERATE_INFOPLIST_FILE = NO;
				INFOPLIST_FILE = Ogygia/Info.plist;
				LD_RUNPATH_SEARCH_PATHS = (
					"$(inherited)",
					"@executable_path/../Frameworks",
				);
				PRODUCT_BUNDLE_IDENTIFIER = dev.ogygia.macos;
				PRODUCT_NAME = Ogygia;
				SDKROOT = macosx;
			};
			name = Debug;
		};
		DE5A93A53E25F5A978307085 /* Release */ = {
			isa = XCBuildConfiguration;
			buildSettings = {
				ASSETCATALOG_COMPILER_APPICON_NAME = AppIcon;
				CODE_SIGN_ENTITLEMENTS = Ogygia/Ogygia.entitlements;
				CODE_SIGN_IDENTITY = "-";
				CODE_SIGN_STYLE = Manual;
				COMBINE_HIDPI_IMAGES = YES;
				ENABLE_HARDENED_RUNTIME = YES;
				GENERATE_INFOPLIST_FILE = NO;
				INFOPLIST_FILE = Ogygia/Info.plist;
				LD_RUNPATH_SEARCH_PATHS = (
					"$(inherited)",
					"@executable_path/../Frameworks",
				);
				PRODUCT_BUNDLE_IDENTIFIER = dev.ogygia.macos;
				PRODUCT_NAME = Ogygia;
				SDKROOT = macosx;
			};
			name = Release;
		};
		FB64196C93C9628837BE4259 /* Debug */ = {
			isa = XCBuildConfiguration;
			buildSettings = {
				ALWAYS_SEARCH_USER_PATHS = NO;
				ARCHS = arm64;
				CLANG_ANALYZER_NONNULL = YES;
				CLANG_ANALYZER_NUMBER_OBJECT_CONVERSION = YES_AGGRESSIVE;
				CLANG_CXX_LANGUAGE_STANDARD = "gnu++14";
				CLANG_CXX_LIBRARY = "libc++";
				CLANG_ENABLE_MODULES = YES;
				CLANG_ENABLE_OBJC_ARC = YES;
				CLANG_ENABLE_OBJC_WEAK = YES;
				CLANG_WARN_BLOCK_CAPTURE_AUTORELEASING = YES;
				CLANG_WARN_BOOL_CONVERSION = YES;
				CLANG_WARN_COMMA = YES;
				CLANG_WARN_CONSTANT_CONVERSION = YES;
				CLANG_WARN_DEPRECATED_OBJC_IMPLEMENTATIONS = YES;
				CLANG_WARN_DIRECT_OBJC_ISA_USAGE = YES_ERROR;
				CLANG_WARN_DOCUMENTATION_COMMENTS = YES;
				CLANG_WARN_EMPTY_BODY = YES;
				CLANG_WARN_ENUM_CONVERSION = YES;
				CLANG_WARN_INFINITE_RECURSION = YES;
				CLANG_WARN_INT_CONVERSION = YES;
				CLANG_WARN_NON_LITERAL_NULL_CONVERSION = YES;
				CLANG_WARN_OBJC_IMPLICIT_RETAIN_SELF = YES;
				CLANG_WARN_OBJC_LITERAL_CONVERSION = YES;
				CLANG_WARN_OBJC_ROOT_CLASS = YES_ERROR;
				CLANG_WARN_QUOTED_INCLUDE_IN_FRAMEWORK_HEADER = YES;
				CLANG_WARN_RANGE_LOOP_ANALYSIS = YES;
				CLANG_WARN_STRICT_PROTOTYPES = YES;
				CLANG_WARN_SUSPICIOUS_MOVE = YES;
				CLANG_WARN_UNGUARDED_AVAILABILITY = YES_AGGRESSIVE;
				CLANG_WARN_UNREACHABLE_CODE = YES;
				CLANG_WARN__DUPLICATE_METHOD_MATCH = YES;
				COPY_PHASE_STRIP = NO;
				CURRENT_PROJECT_VERSION = 0;
				DEAD_CODE_STRIPPING = YES;
				DEBUG_INFORMATION_FORMAT = dwarf;
				ENABLE_STRICT_OBJC_MSGSEND = YES;
				ENABLE_TESTABILITY = YES;
				ENABLE_USER_SCRIPT_SANDBOXING = YES;
				GCC_C_LANGUAGE_STANDARD = gnu11;
				GCC_DYNAMIC_NO_PIC = NO;
				GCC_NO_COMMON_BLOCKS = YES;
				GCC_OPTIMIZATION_LEVEL = 0;
				GCC_PREPROCESSOR_DEFINITIONS = (
					"$(inherited)",
					"DEBUG=1",
				);
				GCC_WARN_64_TO_32_BIT_CONVERSION = YES;
				GCC_WARN_ABOUT_RETURN_TYPE = YES_ERROR;
				GCC_WARN_UNDECLARED_SELECTOR = YES;
				GCC_WARN_UNINITIALIZED_AUTOS = YES_AGGRESSIVE;
				GCC_WARN_UNUSED_FUNCTION = YES;
				GCC_WARN_UNUSED_VARIABLE = YES;
				MACOSX_DEPLOYMENT_TARGET = 27.0;
				MARKETING_VERSION = 0.0.0;
				MTL_ENABLE_DEBUG_INFO = INCLUDE_SOURCE;
				MTL_FAST_MATH = YES;
				OGYGIA_GIT_REVISION = dev;
				ONLY_ACTIVE_ARCH = YES;
				PRODUCT_NAME = "$(TARGET_NAME)";
				SDKROOT = macosx;
				SPARKLE_PUBLIC_ED_KEY = "";
				SWIFT_ACTIVE_COMPILATION_CONDITIONS = DEBUG;
				SWIFT_OPTIMIZATION_LEVEL = "-Onone";
				SWIFT_VERSION = 6.0;
			};
			name = Debug;
		};
/* End XCBuildConfiguration section */

/* Begin XCConfigurationList section */
		0B231E4BC708651A9E2EF049 /* Build configuration list for PBXProject "Ogygia" */ = {
			isa = XCConfigurationList;
			buildConfigurations = (
				FB64196C93C9628837BE4259 /* Debug */,
				06D3144C7D8576C27CB71E35 /* Release */,
			);
			defaultConfigurationIsVisible = 0;
			defaultConfigurationName = Debug;
		};
		A9981EBD6E4E426D3CBCE02D /* Build configuration list for PBXNativeTarget "Ogygia" */ = {
			isa = XCConfigurationList;
			buildConfigurations = (
				AB0EE4F2B967A27DE33028A1 /* Debug */,
				DE5A93A53E25F5A978307085 /* Release */,
			);
			defaultConfigurationIsVisible = 0;
			defaultConfigurationName = Debug;
		};
/* End XCConfigurationList section */

/* Begin XCRemoteSwiftPackageReference section */
		5D0135828BA025059B8FE0C5 /* XCRemoteSwiftPackageReference "Sparkle" */ = {
			isa = XCRemoteSwiftPackageReference;
			repositoryURL = "https://github.com/sparkle-project/Sparkle";
			requirement = {
				kind = upToNextMajorVersion;
				minimumVersion = 2.10.0;
			};
		};
/* End XCRemoteSwiftPackageReference section */

/* Begin XCSwiftPackageProductDependency section */
		DA18833B9C28650C3C7917FB /* Sparkle */ = {
			isa = XCSwiftPackageProductDependency;
			package = 5D0135828BA025059B8FE0C5 /* XCRemoteSwiftPackageReference "Sparkle" */;
			productName = Sparkle;
		};
/* End XCSwiftPackageProductDependency section */
	};
	rootObject = 3CDA18C394D081EEA6CF8BF6 /* Project object */;
}
